// !$*UTF8*$!
{
	archiveVersion = 1;
	classes = {
	};
	objectVersion = 56;
	objects = {

/* Begin PBXBuildFile section */
		65C4E4712BCEE8A3004919D5 /* MetalSwiftUIApp.swift in Sources */ = {isa = PBXBuildFile; fileRef = 65C4E4702BCEE8A3004919D5 /* MetalSwiftUIApp.swift */; };
		65C4E4752BCEE8A4004919D5 /* Assets.xcassets in Resources */ = {isa = PBXBuildFile; fileRef = 65C4E4742BCEE8A4004919D5 /* Assets.xcassets */; };
		65C4E4782BCEE8A4004919D5 /* Preview Assets.xcassets in Resources */ = {isa = PBXBuildFile; fileRef = 65C4E4772BCEE8A4004919D5 /* Preview Assets.xcassets */; };
		65C4E4832BCEE8A4004919D5 /* MetalSwiftUITests.swift in Sources */ = {isa = PBXBuildFile; fileRef = 65C4E4822BCEE8A4004919D5 /* MetalSwiftUITests.swift */; };
		65C4E48D2BCEE8A4004919D5 /* MetalSwiftUIUITests.swift in Sources */ = {isa = PBXBuildFile; fileRef = 65C4E48C2BCEE8A4004919D5 /* MetalSwiftUIUITests.swift */; };
		65C4E48F2BCEE8A4004919D5 /* MetalSwiftUIUITestsLaunchTests.swift in Sources */ = {isa = PBXBuildFile; fileRef = 65C4E48E2BCEE8A4004919D5 /* MetalSwiftUIUITestsLaunchTests.swift */; };
		65C4E49C2BCEE8C4004919D5 /* MetalView.swift in Sources */ = {isa = PBXBuildFile; fileRef = 65C4E49B2BCEE8C4004919D5 /* MetalView.swift */; };
		65C4E49E2BCEEC44004919D5 /* Shader.metal in Sources */ = {isa = PBXBuildFile; fileRef = 65C4E49D2BCEEC44004919D5 /* Shader.metal */; };
		65C4E4A02BCF000D004919D5 /* Delegate.swift in Sources */ = {isa = PBXBuildFile; fileRef = 65C4E49F2BCF000D004919D5 /* Delegate.swift */; };
		65C4E4E82BCF0F4C004919D5 /* Types.swift in Sources */ = {isa = PBXBuildFile; fileRef = 65C4E4E72BCF0F4C004919D5 /* Types.swift */; };
		65C4E4EB2BD076A7004919D5 /* Node.swift in Sources */ = {isa = PBXBuildFile; fileRef = 65C4E4EA2BD076A7004919D5 /* Node.swift */; };
		65C4E4EE2BD07712004919D5 /* Scenne.swift in Sources */ = {isa = PBXBuildFile; fileRef = 65C4E4ED2BD07712004919D5 /* Scenne.swift */; };
		65C4E4F02BD0775D004919D5 /* Plane.swift in Sources */ = {isa = PBXBuildFile; fileRef = 65C4E4EF2BD0775D004919D5 /* Plane.swift */; };
		65C4E4F42BD0811C004919D5 /* Primitive.swift in Sources */ = {isa = PBXBuildFile; fileRef = 65C4E4F32BD0811C004919D5 /* Primitive.swift */; };
		65C4E4F62BD08804004919D5 /* Triangle.swift in Sources */ = {isa = PBXBuildFile; fileRef = 65C4E4F52BD08804004919D5 /* Triangle.swift */; };
		65C4E4F92BD140BE004919D5 /* Maths.swift in Sources */ = {isa = PBXBuildFile; fileRef = 65C4E4F82BD140BE004919D5 /* Maths.swift */; };
		65C4E4FC2BD1487B004919D5 /* MetalKit.framework in Frameworks */ = {isa = PBXBuildFile; fileRef = 65C4E4FB2BD1487B004919D5 /* MetalKit.framework */; };
		65C4E4FE2BD15538004919D5 /* ContentView.swift in Sources */ = {isa = PBXBuildFile; fileRef = 65C4E4FD2BD15538004919D5 /* ContentView.swift */; };
/* End PBXBuildFile section */

/* Begin PBXContainerItemProxy section */
		65C4E47F2BCEE8A4004919D5 /* PBXContainerItemProxy */ = {
			isa = PBXContainerItemProxy;
			containerPortal = 65C4E4652BCEE8A3004919D5 /* Project object */;
			proxyType = 1;
			remoteGlobalIDString = 65C4E46C2BCEE8A3004919D5;
			remoteInfo = MetalSwiftUI;
		};
		65C4E4892BCEE8A4004919D5 /* PBXContainerItemProxy */ = {
			isa = PBXContainerItemProxy;
			containerPortal = 65C4E4652BCEE8A3004919D5 /* Project object */;
			proxyType = 1;
			remoteGlobalIDString = 65C4E46C2BCEE8A3004919D5;
			remoteInfo = MetalSwiftUI;
		};
/* End PBXContainerItemProxy section */

/* Begin PBXFileReference section */
		65C4E46D2BCEE8A3004919D5 /* MetalSwiftUI.app */ = {isa = PBXFileReference; explicitFileType = wrapper.application; includeInIndex = 0; path = MetalSwiftUI.app; sourceTree = BUILT_PRODUCTS_DIR; };
		65C4E4702BCEE8A3004919D5 /* MetalSwiftUIApp.swift */ = {isa = PBXFileReference; lastKnownFileType = sourcecode.swift; path = MetalSwiftUIApp.swift; sourceTree = "<group>"; };
		65C4E4742BCEE8A4004919D5 /* Assets.xcassets */ = {isa = PBXFileReference; lastKnownFileType = folder.assetcatalog; path = Assets.xcassets; sourceTree = "<group>"; };
		65C4E4772BCEE8A4004919D5 /* Preview Assets.xcassets */ = {isa = PBXFileReference; lastKnownFileType = folder.assetcatalog; path = "Preview Assets.xcassets"; sourceTree = "<group>"; };
		65C4E4792BCEE8A4004919D5 /* MetalSwiftUI.entitlements */ = {isa = PBXFileReference; lastKnownFileType = text.plist.entitlements; path = MetalSwiftUI.entitlements; sourceTree = "<group>"; };
		65C4E47E2BCEE8A4004919D5 /* MetalSwiftUITests.xctest */ = {isa = PBXFileReference; explicitFileType = wrapper.cfbundle; includeInIndex = 0; path = MetalSwiftUITests.xctest; sourceTree = BUILT_PRODUCTS_DIR; };
		65C4E4822BCEE8A4004919D5 /* MetalSwiftUITests.swift */ = {isa = PBXFileReference; lastKnownFileType = sourcecode.swift; path = MetalSwiftUITests.swift; sourceTree = "<group>"; };
		65C4E4882BCEE8A4004919D5 /* MetalSwiftUIUITests.xctest */ = {isa = PBXFileReference; explicitFileType = wrapper.cfbundle; includeInIndex = 0; path = MetalSwiftUIUITests.xctest; sourceTree = BUILT_PRODUCTS_DIR; };
		65C4E48C2BCEE8A4004919D5 /* MetalSwiftUIUITests.swift */ = {isa = PBXFileReference; lastKnownFileType = sourcecode.swift; path = MetalSwiftUIUITests.swift; sourceTree = "<group>"; };
		65C4E48E2BCEE8A4004919D5 /* MetalSwiftUIUITestsLaunchTests.swift */ = {isa = PBXFileReference; lastKnownFileType = sourcecode.swift; path = MetalSwiftUIUITestsLaunchTests.swift; sourceTree = "<group>"; };
		65C4E49B2BCEE8C4004919D5 /* MetalView.swift */ = {isa = PBXFileReference; lastKnownFileType = sourcecode.swift; path = MetalView.swift; sourceTree = "<group>"; };
		65C4E49D2BCEEC44004919D5 /* Shader.metal */ = {isa = PBXFileReference; lastKnownFileType = sourcecode.metal; path = Shader.metal; sourceTree = "<group>"; };
		65C4E49F2BCF000D004919D5 /* Delegate.swift */ = {isa = PBXFileReference; lastKnownFileType = sourcecode.swift; path = Delegate.swift; sourceTree = "<group>"; };
		65C4E4E72BCF0F4C004919D5 /* Types.swift */ = {isa = PBXFileReference; lastKnownFileType = sourcecode.swift; path = Types.swift; sourceTree = "<group>"; };
		65C4E4EA2BD076A7004919D5 /* Node.swift */ = {isa = PBXFileReference; lastKnownFileType = sourcecode.swift; path = Node.swift; sourceTree = "<group>"; };
		65C4E4ED2BD07712004919D5 /* Scenne.swift */ = {isa = PBXFileReference; lastKnownFileType = sourcecode.swift; path = Scenne.swift; sourceTree = "<group>"; };
		65C4E4EF2BD0775D004919D5 /* Plane.swift */ = {isa = PBXFileReference; lastKnownFileType = sourcecode.swift; path = Plane.swift; sourceTree = "<group>"; };
		65C4E4F32BD0811C004919D5 /* Primitive.swift */ = {isa = PBXFileReference; lastKnownFileType = sourcecode.swift; path = Primitive.swift; sourceTree = "<group>"; };
		65C4E4F52BD08804004919D5 /* Triangle.swift */ = {isa = PBXFileReference; lastKnownFileType = sourcecode.swift; path = Triangle.swift; sourceTree = "<group>"; };
		65C4E4F82BD140BE004919D5 /* Maths.swift */ = {isa = PBXFileReference; lastKnownFileType = sourcecode.swift; path = Maths.swift; sourceTree = "<group>"; };
		65C4E4FB2BD1487B004919D5 /* MetalKit.framework */ = {isa = PBXFileReference; lastKnownFileType = wrapper.framework; name = MetalKit.framework; path = System/Library/Frameworks/MetalKit.framework; sourceTree = SDKROOT; };
		65C4E4FD2BD15538004919D5 /* ContentView.swift */ = {isa = PBXFileReference; lastKnownFileType = sourcecode.swift; path = ContentView.swift; sourceTree = "<group>"; };
/* End PBXFileReference section */

/* Begin PBXFrameworksBuildPhase section */
		65C4E46A2BCEE8A3004919D5 /* Frameworks */ = {
			isa = PBXFrameworksBuildPhase;
			buildActionMask = 2147483647;
			files = (
				65C4E4FC2BD1487B004919D5 /* MetalKit.framework in Frameworks */,
			);
			runOnlyForDeploymentPostprocessing = 0;
		};
		65C4E47B2BCEE8A4004919D5 /* Frameworks */ = {
			isa = PBXFrameworksBuildPhase;
			buildActionMask = 2147483647;
			files = (
			);
			runOnlyForDeploymentPostprocessing = 0;
		};
		65C4E4852BCEE8A4004919D5 /* Frameworks */ = {
			isa = PBXFrameworksBuildPhase;
			buildActionMask = 2147483647;
			files = (
			);
			runOnlyForDeploymentPostprocessing = 0;
		};
/* End PBXFrameworksBuildPhase section */

/* Begin PBXGroup section */
		65C4E4642BCEE8A3004919D5 = {
			isa = PBXGroup;
			children = (
				65C4E46F2BCEE8A3004919D5 /* MetalSwiftUI */,
				65C4E4812BCEE8A4004919D5 /* MetalSwiftUITests */,
				65C4E48B2BCEE8A4004919D5 /* MetalSwiftUIUITests */,
				65C4E46E2BCEE8A3004919D5 /* Products */,
				65C4E4FA2BD1487B004919D5 /* Frameworks */,
			);
			sourceTree = "<group>";
		};
		65C4E46E2BCEE8A3004919D5 /* Products */ = {
			isa = PBXGroup;
			children = (
				65C4E46D2BCEE8A3004919D5 /* MetalSwiftUI.app */,
				65C4E47E2BCEE8A4004919D5 /* MetalSwiftUITests.xctest */,
				65C4E4882BCEE8A4004919D5 /* MetalSwiftUIUITests.xctest */,
			);
			name = Products;
			sourceTree = "<group>";
		};
		65C4E46F2BCEE8A3004919D5 /* MetalSwiftUI */ = {
			isa = PBXGroup;
			children = (
				65C4E4F72BD140B3004919D5 /* Maths */,
				65C4E4EC2BD0770A004919D5 /* Scene */,
				65C4E4E92BD076A1004919D5 /* Node */,
				65C4E4702BCEE8A3004919D5 /* MetalSwiftUIApp.swift */,
				65C4E4FD2BD15538004919D5 /* ContentView.swift */,
				65C4E49B2BCEE8C4004919D5 /* MetalView.swift */,
				65C4E4742BCEE8A4004919D5 /* Assets.xcassets */,
				65C4E4792BCEE8A4004919D5 /* MetalSwiftUI.entitlements */,
				65C4E4762BCEE8A4004919D5 /* Preview Content */,
				65C4E49D2BCEEC44004919D5 /* Shader.metal */,
				65C4E49F2BCF000D004919D5 /* Delegate.swift */,
				65C4E4E72BCF0F4C004919D5 /* Types.swift */,
			);
			path = MetalSwiftUI;
			sourceTree = "<group>";
		};
		65C4E4762BCEE8A4004919D5 /* Preview Content */ = {
			isa = PBXGroup;
			children = (
				65C4E4772BCEE8A4004919D5 /* Preview Assets.xcassets */,
			);
			path = "Preview Content";
			sourceTree = "<group>";
		};
		65C4E4812BCEE8A4004919D5 /* MetalSwiftUITests */ = {
			isa = PBXGroup;
			children = (
				65C4E4822BCEE8A4004919D5 /* MetalSwiftUITests.swift */,
			);
			path = MetalSwiftUITests;
			sourceTree = "<group>";
		};
		65C4E48B2BCEE8A4004919D5 /* MetalSwiftUIUITests */ = {
			isa = PBXGroup;
			children = (
				65C4E48C2BCEE8A4004919D5 /* MetalSwiftUIUITests.swift */,
				65C4E48E2BCEE8A4004919D5 /* MetalSwiftUIUITestsLaunchTests.swift */,
			);
			path = MetalSwiftUIUITests;
			sourceTree = "<group>";
		};
		65C4E4E92BD076A1004919D5 /* Node */ = {
			isa = PBXGroup;
			children = (
				65C4E4EA2BD076A7004919D5 /* Node.swift */,
				65C4E4EF2BD0775D004919D5 /* Plane.swift */,
				65C4E4F32BD0811C004919D5 /* Primitive.swift */,
				65C4E4F52BD08804004919D5 /* Triangle.swift */,
			);
			path = Node;
			sourceTree = "<group>";
		};
		65C4E4EC2BD0770A004919D5 /* Scene */ = {
			isa = PBXGroup;
			children = (
				65C4E4ED2BD07712004919D5 /* Scenne.swift */,
			);
			path = Scene;
			sourceTree = "<group>";
		};
		65C4E4F72BD140B3004919D5 /* Maths */ = {
			isa = PBXGroup;
			children = (
				65C4E4F82BD140BE004919D5 /* Maths.swift */,
			);
			path = Maths;
			sourceTree = "<group>";
		};
		65C4E4FA2BD1487B004919D5 /* Frameworks */ = {
			isa = PBXGroup;
			children = (
				65C4E4FB2BD1487B004919D5 /* MetalKit.framework */,
			);
			name = Frameworks;
			sourceTree = "<group>";
		};
/* End PBXGroup section */

/* Begin PBXNativeTarget section */
		65C4E46C2BCEE8A3004919D5 /* MetalSwiftUI */ = {
			isa = PBXNativeTarget;
			buildConfigurationList = 65C4E4922BCEE8A4004919D5 /* Build configuration list for PBXNativeTarget "MetalSwiftUI" */;
			buildPhases = (
				65C4E4692BCEE8A3004919D5 /* Sources */,
				65C4E46A2BCEE8A3004919D5 /* Frameworks */,
				65C4E46B2BCEE8A3004919D5 /* Resources */,
			);
			buildRules = (
			);
			dependencies = (
			);
			name = MetalSwiftUI;
			productName = MetalSwiftUI;
			productReference = 65C4E46D2BCEE8A3004919D5 /* MetalSwiftUI.app */;
			productType = "com.apple.product-type.application";
		};
		65C4E47D2BCEE8A4004919D5 /* MetalSwiftUITests */ = {
			isa = PBXNativeTarget;
			buildConfigurationList = 65C4E4952BCEE8A4004919D5 /* Build configuration list for PBXNativeTarget "MetalSwiftUITests" */;
			buildPhases = (
				65C4E47A2BCEE8A4004919D5 /* Sources */,
				65C4E47B2BCEE8A4004919D5 /* Frameworks */,
				65C4E47C2BCEE8A4004919D5 /* Resources */,
			);
			buildRules = (
			);
			dependencies = (
				65C4E4802BCEE8A4004919D5 /* PBXTargetDependency */,
			);
			name = MetalSwiftUITests;
			productName = MetalSwiftUITests;
			productReference = 65C4E47E2BCEE8A4004919D5 /* MetalSwiftUITests.xctest */;
			productType = "com.apple.product-type.bundle.unit-test";
		};
		65C4E4872BCEE8A4004919D5 /* MetalSwiftUIUITests */ = {
			isa = PBXNativeTarget;
			buildConfigurationList = 65C4E4982BCEE8A4004919D5 /* Build configuration list for PBXNativeTarget "MetalSwiftUIUITests" */;
			buildPhases = (
				65C4E4842BCEE8A4004919D5 /* Sources */,
				65C4E4852BCEE8A4004919D5 /* Frameworks */,
				65C4E4862BCEE8A4004919D5 /* Resources */,
			);
			buildRules = (
			);
			dependencies = (
				65C4E48A2BCEE8A4004919D5 /* PBXTargetDependency */,
			);
			name = MetalSwiftUIUITests;
			productName = MetalSwiftUIUITests;
			productReference = 65C4E4882BCEE8A4004919D5 /* MetalSwiftUIUITests.xctest */;
			productType = "com.apple.product-type.bundle.ui-testing";
		};
/* End PBXNativeTarget section */

/* Begin PBXProject section */
		65C4E4652BCEE8A3004919D5 /* Project object */ = {
			isa = PBXProject;
			attributes = {
				BuildIndependentTargetsInParallel = 1;
				LastSwiftUpdateCheck = 1530;
				LastUpgradeCheck = 1530;
				TargetAttributes = {
					65C4E46C2BCEE8A3004919D5 = {
						CreatedOnToolsVersion = 15.3;
					};
					65C4E47D2BCEE8A4004919D5 = {
						CreatedOnToolsVersion = 15.3;
						TestTargetID = 65C4E46C2BCEE8A3004919D5;
					};
					65C4E4872BCEE8A4004919D5 = {
						CreatedOnToolsVersion = 15.3;
						TestTargetID = 65C4E46C2BCEE8A3004919D5;
					};
				};
			};
			buildConfigurationList = 65C4E4682BCEE8A3004919D5 /* Build configuration list for PBXProject "MetalSwiftUI" */;
			compatibilityVersion = "Xcode 14.0";
			developmentRegion = en;
			hasScannedForEncodings = 0;
			knownRegions = (
				en,
				Base,
			);
			mainGroup = 65C4E4642BCEE8A3004919D5;
			productRefGroup = 65C4E46E2BCEE8A3004919D5 /* Products */;
			projectDirPath = "";
			projectRoot = "";
			targets = (
				65C4E46C2BCEE8A3004919D5 /* MetalSwiftUI */,
				65C4E47D2BCEE8A4004919D5 /* MetalSwiftUITests */,
				65C4E4872BCEE8A4004919D5 /* MetalSwiftUIUITests */,
			);
		};
/* End PBXProject section */

/* Begin PBXResourcesBuildPhase section */
		65C4E46B2BCEE8A3004919D5 /* Resources */ = {
			isa = PBXResourcesBuildPhase;
			buildActionMask = 2147483647;
			files = (
				65C4E4782BCEE8A4004919D5 /* Preview Assets.xcassets in Resources */,
				65C4E4752BCEE8A4004919D5 /* Assets.xcassets in Resources */,
			);
			runOnlyForDeploymentPostprocessing = 0;
		};
		65C4E47C2BCEE8A4004919D5 /* Resources */ = {
			isa = PBXResourcesBuildPhase;
			buildActionMask = 2147483647;
			files = (
			);
			runOnlyForDeploymentPostprocessing = 0;
		};
		65C4E4862BCEE8A4004919D5 /* Resources */ = {
			isa = PBXResourcesBuildPhase;
			buildActionMask = 2147483647;
			files = (
			);
			runOnlyForDeploymentPostprocessing = 0;
		};
/* End PBXResourcesBuildPhase section */

/* Begin PBXSourcesBuildPhase section */
		65C4E4692BCEE8A3004919D5 /* Sources */ = {
			isa = PBXSourcesBuildPhase;
			buildActionMask = 2147483647;
			files = (
				65C4E4F92BD140BE004919D5 /* Maths.swift in Sources */,
				65C4E4A02BCF000D004919D5 /* Delegate.swift in Sources */,
				65C4E4FE2BD15538004919D5 /* ContentView.swift in Sources */,
				65C4E49E2BCEEC44004919D5 /* Shader.metal in Sources */,
				65C4E49C2BCEE8C4004919D5 /* MetalView.swift in Sources */,
				65C4E4EB2BD076A7004919D5 /* Node.swift in Sources */,
				65C4E4F42BD0811C004919D5 /* Primitive.swift in Sources */,
				65C4E4EE2BD07712004919D5 /* Scenne.swift in Sources */,
				65C4E4E82BCF0F4C004919D5 /* Types.swift in Sources */,
				65C4E4F62BD08804004919D5 /* Triangle.swift in Sources */,
				65C4E4F02BD0775D004919D5 /* Plane.swift in Sources */,
				65C4E4712BCEE8A3004919D5 /* MetalSwiftUIApp.swift in Sources */,
			);
			runOnlyForDeploymentPostprocessing = 0;
		};
		65C4E47A2BCEE8A4004919D5 /* Sources */ = {
			isa = PBXSourcesBuildPhase;
			buildActionMask = 2147483647;
			files = (
				65C4E4832BCEE8A4004919D5 /* MetalSwiftUITests.swift in Sources */,
			);
			runOnlyForDeploymentPostprocessing = 0;
		};
		65C4E4842BCEE8A4004919D5 /* Sources */ = {
			isa = PBXSourcesBuildPhase;
			buildActionMask = 2147483647;
			files = (
				65C4E48F2BCEE8A4004919D5 /* MetalSwiftUIUITestsLaunchTests.swift in Sources */,
				65C4E48D2BCEE8A4004919D5 /* MetalSwiftUIUITests.swift in Sources */,
			);
			runOnlyForDeploymentPostprocessing = 0;
		};
/* End PBXSourcesBuildPhase section */

/* Begin PBXTargetDependency section */
		65C4E4802BCEE8A4004919D5 /* PBXTargetDependency */ = {
			isa = PBXTargetDependency;
			target = 65C4E46C2BCEE8A3004919D5 /* MetalSwiftUI */;
			targetProxy = 65C4E47F2BCEE8A4004919D5 /* PBXContainerItemProxy */;
		};
		65C4E48A2BCEE8A4004919D5 /* PBXTargetDependency */ = {
			isa = PBXTargetDependency;
			target = 65C4E46C2BCEE8A3004919D5 /* MetalSwiftUI */;
			targetProxy = 65C4E4892BCEE8A4004919D5 /* PBXContainerItemProxy */;
		};
/* End PBXTargetDependency section */

/* Begin XCBuildConfiguration section */
		65C4E4902BCEE8A4004919D5 /* Debug */ = {
			isa = XCBuildConfiguration;
			buildSettings = {
				ALWAYS_SEARCH_USER_PATHS = NO;
				ASSETCATALOG_COMPILER_GENERATE_SWIFT_ASSET_SYMBOL_EXTENSIONS = YES;
				CLANG_ANALYZER_NONNULL = YES;
				CLANG_ANALYZER_NUMBER_OBJECT_CONVERSION = YES_AGGRESSIVE;
				CLANG_CXX_LANGUAGE_STANDARD = "gnu++20";
				CLANG_ENABLE_MODULES = YES;
				CLANG_ENABLE_OBJC_ARC = YES;
				CLANG_ENABLE_OBJC_WEAK = YES;
				CLANG_WARN_BLOCK_CAPTURE_AUTORELEASING = YES;
				CLANG_WARN_BOOL_CONVERSION = YES;
				CLANG_WARN_COMMA = YES;
				CLANG_WARN_CONSTANT_CONVERSION = YES;
				CLANG_WARN_DEPRECATED_OBJC_IMPLEMENTATIONS = YES;
				CLANG_WARN_DIRECT_OBJC_ISA_USAGE = YES_ERROR;
				CLANG_WARN_DOCUMENTATION_COMMENTS = YES;
				CLANG_WARN_EMPTY_BODY = YES;
				CLANG_WARN_ENUM_CONVERSION = YES;
				CLANG_WARN_INFINITE_RECURSION = YES;
				CLANG_WARN_INT_CONVERSION = YES;
				CLANG_WARN_NON_LITERAL_NULL_CONVERSION = YES;
				CLANG_WARN_OBJC_IMPLICIT_RETAIN_SELF = YES;
				CLANG_WARN_OBJC_LITERAL_CONVERSION = YES;
				CLANG_WARN_OBJC_ROOT_CLASS = YES_ERROR;
				CLANG_WARN_QUOTED_INCLUDE_IN_FRAMEWORK_HEADER = YES;
				CLANG_WARN_RANGE_LOOP_ANALYSIS = YES;
				CLANG_WARN_STRICT_PROTOTYPES = YES;
				CLANG_WARN_SUSPICIOUS_MOVE = YES;
				CLANG_WARN_UNGUARDED_AVAILABILITY = YES_AGGRESSIVE;
				CLANG_WARN_UNREACHABLE_CODE = YES;
				CLANG_WARN__DUPLICATE_METHOD_MATCH = YES;
				COPY_PHASE_STRIP = NO;
				DEBUG_INFORMATION_FORMAT = dwarf;
				ENABLE_STRICT_OBJC_MSGSEND = YES;
				ENABLE_TESTABILITY = YES;
				ENABLE_USER_SCRIPT_SANDBOXING = YES;
				GCC_C_LANGUAGE_STANDARD = gnu17;
				GCC_DYNAMIC_NO_PIC = NO;
				GCC_NO_COMMON_BLOCKS = YES;
				GCC_OPTIMIZATION_LEVEL = 0;
				GCC_PREPROCESSOR_DEFINITIONS = (
					"DEBUG=1",
					"$(inherited)",
				);
				GCC_WARN_64_TO_32_BIT_CONVERSION = YES;
				GCC_WARN_ABOUT_RETURN_TYPE = YES_ERROR;
				GCC_WARN_UNDECLARED_SELECTOR = YES;
				GCC_WARN_UNINITIALIZED_AUTOS = YES_AGGRESSIVE;
				GCC_WARN_UNUSED_FUNCTION = YES;
				GCC_WARN_UNUSED_VARIABLE = YES;
				LOCALIZATION_PREFERS_STRING_CATALOGS = YES;
				MACOSX_DEPLOYMENT_TARGET = 14.4;
				MTL_ENABLE_DEBUG_INFO = INCLUDE_SOURCE;
				MTL_FAST_MATH = YES;
				ONLY_ACTIVE_ARCH = YES;
				SDKROOT = macosx;
				SWIFT_ACTIVE_COMPILATION_CONDITIONS = "DEBUG $(inherited)";
				SWIFT_OPTIMIZATION_LEVEL = "-Onone";
			};
			name = Debug;
		};
		65C4E4912BCEE8A4004919D5 /* Release */ = {
			isa = XCBuildConfiguration;
			buildSettings = {
				ALWAYS_SEARCH_USER_PATHS = NO;
				ASSETCATALOG_COMPILER_GENERATE_SWIFT_ASSET_SYMBOL_EXTENSIONS = YES;
				CLANG_ANALYZER_NONNULL = YES;
				CLANG_ANALYZER_NUMBER_OBJECT_CONVERSION = YES_AGGRESSIVE;
				CLANG_CXX_LANGUAGE_STANDARD = "gnu++20";
				CLANG_ENABLE_MODULES = YES;
				CLANG_ENABLE_OBJC_ARC = YES;
				CLANG_ENABLE_OBJC_WEAK = YES;
				CLANG_WARN_BLOCK_CAPTURE_AUTORELEASING = YES;
				CLANG_WARN_BOOL_CONVERSION = YES;
				CLANG_WARN_COMMA = YES;
				CLANG_WARN_CONSTANT_CONVERSION = YES;
				CLANG_WARN_DEPRECATED_OBJC_IMPLEMENTATIONS = YES;
				CLANG_WARN_DIRECT_OBJC_ISA_USAGE = YES_ERROR;
				CLANG_WARN_DOCUMENTATION_COMMENTS = YES;
				CLANG_WARN_EMPTY_BODY = YES;
				CLANG_WARN_ENUM_CONVERSION = YES;
				CLANG_WARN_INFINITE_RECURSION = YES;
				CLANG_WARN_INT_CONVERSION = YES;
				CLANG_WARN_NON_LITERAL_NULL_CONVERSION = YES;
				CLANG_WARN_OBJC_IMPLICIT_RETAIN_SELF = YES;
				CLANG_WARN_OBJC_LITERAL_CONVERSION = YES;
				CLANG_WARN_OBJC_ROOT_CLASS = YES_ERROR;
				CLANG_WARN_QUOTED_INCLUDE_IN_FRAMEWORK_HEADER = YES;
				CLANG_WARN_RANGE_LOOP_ANALYSIS = YES;
				CLANG_WARN_STRICT_PROTOTYPES = YES;
				CLANG_WARN_SUSPICIOUS_MOVE = YES;
				CLANG_WARN_UNGUARDED_AVAILABILITY = YES_AGGRESSIVE;
				CLANG_WARN_UNREACHABLE_CODE = YES;
				CLANG_WARN__DUPLICATE_METHOD_MATCH = YES;
				COPY_PHASE_STRIP = NO;
				DEBUG_INFORMATION_FORMAT = "dwarf-with-dsym";
				ENABLE_NS_ASSERTIONS = NO;
				ENABLE_STRICT_OBJC_MSGSEND = YES;
				ENABLE_USER_SCRIPT_SANDBOXING = YES;
				GCC_C_LANGUAGE_STANDARD = gnu17;
				GCC_NO_COMMON_BLOCKS = YES;
				GCC_WARN_64_TO_32_BIT_CONVERSION = YES;
				GCC_WARN_ABOUT_RETURN_TYPE = YES_ERROR;
				GCC_WARN_UNDECLARED_SELECTOR = YES;
				GCC_WARN_UNINITIALIZED_AUTOS = YES_AGGRESSIVE;
				GCC_WARN_UNUSED_FUNCTION = YES;
				GCC_WARN_UNUSED_VARIABLE = YES;
				LOCALIZATION_PREFERS_STRING_CATALOGS = YES;
				MACOSX_DEPLOYMENT_TARGET = 14.4;
				MTL_ENABLE_DEBUG_INFO = NO;
				MTL_FAST_MATH = YES;
				SDKROOT = macosx;
				SWIFT_COMPILATION_MODE = wholemodule;
			};
			name = Release;
		};
		65C4E4932BCEE8A4004919D5 /* Debug */ = {
			isa = XCBuildConfiguration;
			buildSettings = {
				ASSETCATALOG_COMPILER_APPICON_NAME = AppIcon;
				ASSETCATALOG_COMPILER_GLOBAL_ACCENT_COLOR_NAME = AccentColor;
				CODE_SIGN_ENTITLEMENTS = MetalSwiftUI/MetalSwiftUI.entitlements;
				"CODE_SIGN_IDENTITY[sdk=macosx*]" = "Apple Development";
				CODE_SIGN_STYLE = Automatic;
				COMBINE_HIDPI_IMAGES = YES;
				CURRENT_PROJECT_VERSION = 1;
				DEVELOPMENT_ASSET_PATHS = "\"MetalSwiftUI/Preview Content\"";
				DEVELOPMENT_TEAM = H8JWZ5PDRJ;
				ENABLE_PREVIEWS = YES;
				GENERATE_INFOPLIST_FILE = YES;
				INFOPLIST_KEY_NSHumanReadableCopyright = "";
				LD_RUNPATH_SEARCH_PATHS = (
					"$(inherited)",
					"@executable_path/../Frameworks",
				);
				MARKETING_VERSION = 1.0;
				PRODUCT_BUNDLE_IDENTIFIER = org.flimwip.MetalSwiftUI;
				PRODUCT_NAME = "$(TARGET_NAME)";
				SWIFT_EMIT_LOC_STRINGS = YES;
				SWIFT_VERSION = 5.0;
			};
			name = Debug;
		};
		65C4E4942BCEE8A4004919D5 /* Release */ = {
			isa = XCBuildConfiguration;
			buildSettings = {
				ASSETCATALOG_COMPILER_APPICON_NAME = AppIcon;
				ASSETCATALOG_COMPILER_GLOBAL_ACCENT_COLOR_NAME = AccentColor;
				CODE_SIGN_ENTITLEMENTS = MetalSwiftUI/MetalSwiftUI.entitlements;
				"CODE_SIGN_IDENTITY[sdk=macosx*]" = "Apple Development";
				CODE_SIGN_STYLE = Automatic;
				COMBINE_HIDPI_IMAGES = YES;
				CURRENT_PROJECT_VERSION = 1;
				DEVELOPMENT_ASSET_PATHS = "\"MetalSwiftUI/Preview Content\"";
				DEVELOPMENT_TEAM = H8JWZ5PDRJ;
				ENABLE_PREVIEWS = YES;
				GENERATE_INFOPLIST_FILE = YES;
				INFOPLIST_KEY_NSHumanReadableCopyright = "";
				LD_RUNPATH_SEARCH_PATHS = (
					"$(inherited)",
					"@executable_path/../Frameworks",
				);
				MARKETING_VERSION = 1.0;
				PRODUCT_BUNDLE_IDENTIFIER = org.flimwip.MetalSwiftUI;
				PRODUCT_NAME = "$(TARGET_NAME)";
				SWIFT_EMIT_LOC_STRINGS = YES;
				SWIFT_VERSION = 5.0;
			};
			name = Release;
		};
		65C4E4962BCEE8A4004919D5 /* Debug */ = {
			isa = XCBuildConfiguration;
			buildSettings = {
				ALWAYS_EMBED_SWIFT_STANDARD_LIBRARIES = YES;
				BUNDLE_LOADER = "$(TEST_HOST)";
				CODE_SIGN_STYLE = Automatic;
				CURRENT_PROJECT_VERSION = 1;
				GENERATE_INFOPLIST_FILE = YES;
				MACOSX_DEPLOYMENT_TARGET = 14.4;
				MARKETING_VERSION = 1.0;
				PRODUCT_BUNDLE_IDENTIFIER = org.flimwip.MetalSwiftUITests;
				PRODUCT_NAME = "$(TARGET_NAME)";
				SWIFT_EMIT_LOC_STRINGS = NO;
				SWIFT_VERSION = 5.0;
				TEST_HOST = "$(BUILT_PRODUCTS_DIR)/MetalSwiftUI.app/$(BUNDLE_EXECUTABLE_FOLDER_PATH)/MetalSwiftUI";
			};
			name = Debug;
		};
		65C4E4972BCEE8A4004919D5 /* Release */ = {
			isa = XCBuildConfiguration;
			buildSettings = {
				ALWAYS_EMBED_SWIFT_STANDARD_LIBRARIES = YES;
				BUNDLE_LOADER = "$(TEST_HOST)";
				CODE_SIGN_STYLE = Automatic;
				CURRENT_PROJECT_VERSION = 1;
				GENERATE_INFOPLIST_FILE = YES;
				MACOSX_DEPLOYMENT_TARGET = 14.4;
				MARKETING_VERSION = 1.0;
				PRODUCT_BUNDLE_IDENTIFIER = org.flimwip.MetalSwiftUITests;
				PRODUCT_NAME = "$(TARGET_NAME)";
				SWIFT_EMIT_LOC_STRINGS = NO;
				SWIFT_VERSION = 5.0;
				TEST_HOST = "$(BUILT_PRODUCTS_DIR)/MetalSwiftUI.app/$(BUNDLE_EXECUTABLE_FOLDER_PATH)/MetalSwiftUI";
			};
			name = Release;
		};
		65C4E4992BCEE8A4004919D5 /* Debug */ = {
			isa = XCBuildConfiguration;
			buildSettings = {
				ALWAYS_EMBED_SWIFT_STANDARD_LIBRARIES = YES;
				CODE_SIGN_STYLE = Automatic;
				CURRENT_PROJECT_VERSION = 1;
				GENERATE_INFOPLIST_FILE = YES;
				MARKETING_VERSION = 1.0;
				PRODUCT_BUNDLE_IDENTIFIER = org.flimwip.MetalSwiftUIUITests;
				PRODUCT_NAME = "$(TARGET_NAME)";
				SWIFT_EMIT_LOC_STRINGS = NO;
				SWIFT_VERSION = 5.0;
				TEST_TARGET_NAME = MetalSwiftUI;
			};
			name = Debug;
		};
		65C4E49A2BCEE8A4004919D5 /* Release */ = {
			isa = XCBuildConfiguration;
			buildSettings = {
				ALWAYS_EMBED_SWIFT_STANDARD_LIBRARIES = YES;
				CODE_SIGN_STYLE = Automatic;
				CURRENT_PROJECT_VERSION = 1;
				GENERATE_INFOPLIST_FILE = YES;
				MARKETING_VERSION = 1.0;
				PRODUCT_BUNDLE_IDENTIFIER = org.flimwip.MetalSwiftUIUITests;
				PRODUCT_NAME = "$(TARGET_NAME)";
				SWIFT_EMIT_LOC_STRINGS = NO;
				SWIFT_VERSION = 5.0;
				TEST_TARGET_NAME = MetalSwiftUI;
			};
			name = Release;
		};
/* End XCBuildConfiguration section */

/* Begin XCConfigurationList section */
		65C4E4682BCEE8A3004919D5 /* Build configuration list for PBXProject "MetalSwiftUI" */ = {
			isa = XCConfigurationList;
			buildConfigurations = (
				65C4E4902BCEE8A4004919D5 /* Debug */,
				65C4E4912BCEE8A4004919D5 /* Release */,
			);
			defaultConfigurationIsVisible = 0;
			defaultConfigurationName = Release;
		};
		65C4E4922BCEE8A4004919D5 /* Build configuration list for PBXNativeTarget "MetalSwiftUI" */ = {
			isa = XCConfigurationList;
			buildConfigurations = (
				65C4E4932BCEE8A4004919D5 /* Debug */,
				65C4E4942BCEE8A4004919D5 /* Release */,
			);
			defaultConfigurationIsVisible = 0;
			defaultConfigurationName = Release;
		};
		65C4E4952BCEE8A4004919D5 /* Build configuration list for PBXNativeTarget "MetalSwiftUITests" */ = {
			isa = XCConfigurationList;
			buildConfigurations = (
				65C4E4962BCEE8A4004919D5 /* Debug */,
				65C4E4972BCEE8A4004919D5 /* Release */,
			);
			defaultConfigurationIsVisible = 0;
			defaultConfigurationName = Release;
		};
		65C4E4982BCEE8A4004919D5 /* Build configuration list for PBXNativeTarget "MetalSwiftUIUITests" */ = {
			isa = XCConfigurationList;
			buildConfigurations = (
				65C4E4992BCEE8A4004919D5 /* Debug */,
				65C4E49A2BCEE8A4004919D5 /* Release */,
			);
			defaultConfigurationIsVisible = 0;
			defaultConfigurationName = Release;
		};
/* End XCConfigurationList section */
	};
	rootObject = 65C4E4652BCEE8A3004919D5 /* Project object */;
}
